// !$*UTF8*$!
{
	archiveVersion = 1;
	classes = {
	};
	objectVersion = 46;
	objects = {

/* Begin PBXBuildFile section */
		2DBF80FE150BAAAD0096A597 /* UIKit.framework in Frameworks */ = {isa = PBXBuildFile; fileRef = 2DBF80FD150BAAAD0096A597 /* UIKit.framework */; };
		2DBF8100150BAAAD0096A597 /* Foundation.framework in Frameworks */ = {isa = PBXBuildFile; fileRef = 2DBF80FF150BAAAD0096A597 /* Foundation.framework */; };
		2DBF8102150BAAAD0096A597 /* CoreGraphics.framework in Frameworks */ = {isa = PBXBuildFile; fileRef = 2DBF8101150BAAAD0096A597 /* CoreGraphics.framework */; };
		2DBF8108150BAAAD0096A597 /* InfoPlist.strings in Resources */ = {isa = PBXBuildFile; fileRef = 2DBF8106150BAAAD0096A597 /* InfoPlist.strings */; };
		2DBF810A150BAAAD0096A597 /* main.m in Sources */ = {isa = PBXBuildFile; fileRef = 2DBF8109150BAAAD0096A597 /* main.m */; };
		2DBF810E150BAAAD0096A597 /* VHAppDelegate.m in Sources */ = {isa = PBXBuildFile; fileRef = 2DBF810D150BAAAD0096A597 /* VHAppDelegate.m */; };
		2DBF8111150BAAAD0096A597 /* VHViewController.m in Sources */ = {isa = PBXBuildFile; fileRef = 2DBF8110150BAAAD0096A597 /* VHViewController.m */; };
		2DBF8114150BAAAD0096A597 /* VHViewController.xib in Resources */ = {isa = PBXBuildFile; fileRef = 2DBF8112150BAAAD0096A597 /* VHViewController.xib */; };
		2DBF811C150BAB270096A597 /* VHTableViewController.m in Sources */ = {isa = PBXBuildFile; fileRef = 2DBF811B150BAB270096A597 /* VHTableViewController.m */; };
		2DBF811F150BC7BD0096A597 /* VHTableViewCell.m in Sources */ = {isa = PBXBuildFile; fileRef = 2DBF811E150BC7BC0096A597 /* VHTableViewCell.m */; };
		2DBF8125150C62EF0096A597 /* VHDataManagerSingleton.m in Sources */ = {isa = PBXBuildFile; fileRef = 2DBF8124150C62EF0096A597 /* VHDataManagerSingleton.m */; };
/* End PBXBuildFile section */

/* Begin PBXFileReference section */
		2DBF80F9150BAAAD0096A597 /* SampleVariableHeightTableViewCell.app */ = {isa = PBXFileReference; explicitFileType = wrapper.application; includeInIndex = 0; path = SampleVariableHeightTableViewCell.app; sourceTree = BUILT_PRODUCTS_DIR; };
		2DBF80FD150BAAAD0096A597 /* UIKit.framework */ = {isa = PBXFileReference; lastKnownFileType = wrapper.framework; name = UIKit.framework; path = System/Library/Frameworks/UIKit.framework; sourceTree = SDKROOT; };
		2DBF80FF150BAAAD0096A597 /* Foundation.framework */ = {isa = PBXFileReference; lastKnownFileType = wrapper.framework; name = Foundation.framework; path = System/Library/Frameworks/Foundation.framework; sourceTree = SDKROOT; };
		2DBF8101150BAAAD0096A597 /* CoreGraphics.framework */ = {isa = PBXFileReference; lastKnownFileType = wrapper.framework; name = CoreGraphics.framework; path = System/Library/Frameworks/CoreGraphics.framework; sourceTree = SDKROOT; };
		2DBF8105150BAAAD0096A597 /* SampleVariableHeightTableViewCell-Info.plist */ = {isa = PBXFileReference; lastKnownFileType = text.plist.xml; path = "SampleVariableHeightTableViewCell-Info.plist"; sourceTree = "<group>"; };
		2DBF8107150BAAAD0096A597 /* en */ = {isa = PBXFileReference; lastKnownFileType = text.plist.strings; name = en; path = en.lproj/InfoPlist.strings; sourceTree = "<group>"; };
		2DBF8109150BAAAD0096A597 /* main.m */ = {isa = PBXFileReference; lastKnownFileType = sourcecode.c.objc; path = main.m; sourceTree = "<group>"; };
		2DBF810B150BAAAD0096A597 /* SampleVariableHeightTableViewCell-Prefix.pch */ = {isa = PBXFileReference; lastKnownFileType = sourcecode.c.h; path = "SampleVariableHeightTableViewCell-Prefix.pch"; sourceTree = "<group>"; };
		2DBF810C150BAAAD0096A597 /* VHAppDelegate.h */ = {isa = PBXFileReference; lastKnownFileType = sourcecode.c.h; path = VHAppDelegate.h; sourceTree = "<group>"; };
		2DBF810D150BAAAD0096A597 /* VHAppDelegate.m */ = {isa = PBXFileReference; lastKnownFileType = sourcecode.c.objc; path = VHAppDelegate.m; sourceTree = "<group>"; };
		2DBF810F150BAAAD0096A597 /* VHViewController.h */ = {isa = PBXFileReference; lastKnownFileType = sourcecode.c.h; path = VHViewController.h; sourceTree = "<group>"; };
		2DBF8110150BAAAD0096A597 /* VHViewController.m */ = {isa = PBXFileReference; lastKnownFileType = sourcecode.c.objc; path = VHViewController.m; sourceTree = "<group>"; };
		2DBF8113150BAAAD0096A597 /* en */ = {isa = PBXFileReference; lastKnownFileType = file.xib; name = en; path = en.lproj/VHViewController.xib; sourceTree = "<group>"; };
		2DBF811A150BAB270096A597 /* VHTableViewController.h */ = {isa = PBXFileReference; fileEncoding = 4; lastKnownFileType = sourcecode.c.h; path = VHTableViewController.h; sourceTree = "<group>"; };
		2DBF811B150BAB270096A597 /* VHTableViewController.m */ = {isa = PBXFileReference; fileEncoding = 4; lastKnownFileType = sourcecode.c.objc; path = VHTableViewController.m; sourceTree = "<group>"; };
		2DBF811D150BC7BC0096A597 /* VHTableViewCell.h */ = {isa = PBXFileReference; fileEncoding = 4; lastKnownFileType = sourcecode.c.h; path = VHTableViewCell.h; sourceTree = "<group>"; };
		2DBF811E150BC7BC0096A597 /* VHTableViewCell.m */ = {isa = PBXFileReference; fileEncoding = 4; lastKnownFileType = sourcecode.c.objc; path = VHTableViewCell.m; sourceTree = "<group>"; };
		2DBF8123150C62EF0096A597 /* VHDataManagerSingleton.h */ = {isa = PBXFileReference; fileEncoding = 4; lastKnownFileType = sourcecode.c.h; path = VHDataManagerSingleton.h; sourceTree = "<group>"; };
		2DBF8124150C62EF0096A597 /* VHDataManagerSingleton.m */ = {isa = PBXFileReference; fileEncoding = 4; lastKnownFileType = sourcecode.c.objc; path = VHDataManagerSingleton.m; sourceTree = "<group>"; };
/* End PBXFileReference section */

/* Begin PBXFrameworksBuildPhase section */
		2DBF80F6150BAAAD0096A597 /* Frameworks */ = {
			isa = PBXFrameworksBuildPhase;
			buildActionMask = 2147483647;
			files = (
				2DBF80FE150BAAAD0096A597 /* UIKit.framework in Frameworks */,
				2DBF8100150BAAAD0096A597 /* Foundation.framework in Frameworks */,
				2DBF8102150BAAAD0096A597 /* CoreGraphics.framework in Frameworks */,
			);
			runOnlyForDeploymentPostprocessing = 0;
		};
/* End PBXFrameworksBuildPhase section */

/* Begin PBXGroup section */
		2DBF80EE150BAAAD0096A597 = {
			isa = PBXGroup;
			children = (
				2DBF8103150BAAAD0096A597 /* SampleVariableHeightTableViewCell */,
				2DBF80FC150BAAAD0096A597 /* Frameworks */,
				2DBF80FA150BAAAD0096A597 /* Products */,
			);
			sourceTree = "<group>";
		};
		2DBF80FA150BAAAD0096A597 /* Products */ = {
			isa = PBXGroup;
			children = (
				2DBF80F9150BAAAD0096A597 /* SampleVariableHeightTableViewCell.app */,
			);
			name = Products;
			sourceTree = "<group>";
		};
		2DBF80FC150BAAAD0096A597 /* Frameworks */ = {
			isa = PBXGroup;
			children = (
				2DBF80FD150BAAAD0096A597 /* UIKit.framework */,
				2DBF80FF150BAAAD0096A597 /* Foundation.framework */,
				2DBF8101150BAAAD0096A597 /* CoreGraphics.framework */,
			);
			name = Frameworks;
			sourceTree = "<group>";
		};
		2DBF8103150BAAAD0096A597 /* SampleVariableHeightTableViewCell */ = {
			isa = PBXGroup;
			children = (
				2DBF810C150BAAAD0096A597 /* VHAppDelegate.h */,
				2DBF810D150BAAAD0096A597 /* VHAppDelegate.m */,
				2DBF810F150BAAAD0096A597 /* VHViewController.h */,
				2DBF8110150BAAAD0096A597 /* VHViewController.m */,
				2DBF8112150BAAAD0096A597 /* VHViewController.xib */,
				2DBF811A150BAB270096A597 /* VHTableViewController.h */,
				2DBF811B150BAB270096A597 /* VHTableViewController.m */,
				2DBF811D150BC7BC0096A597 /* VHTableViewCell.h */,
				2DBF811E150BC7BC0096A597 /* VHTableViewCell.m */,
				2DBF8123150C62EF0096A597 /* VHDataManagerSingleton.h */,
				2DBF8124150C62EF0096A597 /* VHDataManagerSingleton.m */,
				2DBF8104150BAAAD0096A597 /* Supporting Files */,
			);
			path = SampleVariableHeightTableViewCell;
			sourceTree = "<group>";
		};
		2DBF8104150BAAAD0096A597 /* Supporting Files */ = {
			isa = PBXGroup;
			children = (
				2DBF8105150BAAAD0096A597 /* SampleVariableHeightTableViewCell-Info.plist */,
				2DBF8106150BAAAD0096A597 /* InfoPlist.strings */,
				2DBF8109150BAAAD0096A597 /* main.m */,
				2DBF810B150BAAAD0096A597 /* SampleVariableHeightTableViewCell-Prefix.pch */,
			);
			name = "Supporting Files";
			sourceTree = "<group>";
		};
/* End PBXGroup section */

/* Begin PBXNativeTarget section */
		2DBF80F8150BAAAD0096A597 /* SampleVariableHeightTableViewCell */ = {
			isa = PBXNativeTarget;
			buildConfigurationList = 2DBF8117150BAAAD0096A597 /* Build configuration list for PBXNativeTarget "SampleVariableHeightTableViewCell" */;
			buildPhases = (
				2DBF80F5150BAAAD0096A597 /* Sources */,
				2DBF80F6150BAAAD0096A597 /* Frameworks */,
				2DBF80F7150BAAAD0096A597 /* Resources */,
			);
			buildRules = (
			);
			dependencies = (
			);
			name = SampleVariableHeightTableViewCell;
			productName = SampleVariableHeightTableViewCell;
			productReference = 2DBF80F9150BAAAD0096A597 /* SampleVariableHeightTableViewCell.app */;
			productType = "com.apple.product-type.application";
		};
/* End PBXNativeTarget section */

/* Begin PBXProject section */
		2DBF80F0150BAAAD0096A597 /* Project object */ = {
			isa = PBXProject;
			attributes = {
				LastUpgradeCheck = 0420;
			};
			buildConfigurationList = 2DBF80F3150BAAAD0096A597 /* Build configuration list for PBXProject "SampleVariableHeightTableViewCell" */;
			compatibilityVersion = "Xcode 3.2";
			developmentRegion = English;
			hasScannedForEncodings = 0;
			knownRegions = (
				en,
			);
			mainGroup = 2DBF80EE150BAAAD0096A597;
			productRefGroup = 2DBF80FA150BAAAD0096A597 /* Products */;
			projectDirPath = "";
			projectRoot = "";
			targets = (
				2DBF80F8150BAAAD0096A597 /* SampleVariableHeightTableViewCell */,
			);
		};
/* End PBXProject section */

/* Begin PBXResourcesBuildPhase section */
		2DBF80F7150BAAAD0096A597 /* Resources */ = {
			isa = PBXResourcesBuildPhase;
			buildActionMask = 2147483647;
			files = (
				2DBF8108150BAAAD0096A597 /* InfoPlist.strings in Resources */,
				2DBF8114150BAAAD0096A597 /* VHViewController.xib in Resources */,
			);
			runOnlyForDeploymentPostprocessing = 0;
		};
/* End PBXResourcesBuildPhase section */

/* Begin PBXSourcesBuildPhase section */
		2DBF80F5150BAAAD0096A597 /* Sources */ = {
			isa = PBXSourcesBuildPhase;
			buildActionMask = 2147483647;
			files = (
				2DBF810A150BAAAD0096A597 /* main.m in Sources */,
				2DBF810E150BAAAD0096A597 /* VHAppDelegate.m in Sources */,
				2DBF8111150BAAAD0096A597 /* VHViewController.m in Sources */,
				2DBF811C150BAB270096A597 /* VHTableViewController.m in Sources */,
				2DBF811F150BC7BD0096A597 /* VHTableViewCell.m in Sources */,
				2DBF8125150C62EF0096A597 /* VHDataManagerSingleton.m in Sources */,
			);
			runOnlyForDeploymentPostprocessing = 0;
		};
/* End PBXSourcesBuildPhase section */

/* Begin PBXVariantGroup section */
		2DBF8106150BAAAD0096A597 /* InfoPlist.strings */ = {
			isa = PBXVariantGroup;
			children = (
				2DBF8107150BAAAD0096A597 /* en */,
			);
			name = InfoPlist.strings;
			sourceTree = "<group>";
		};
		2DBF8112150BAAAD0096A597 /* VHViewController.xib */ = {
			isa = PBXVariantGroup;
			children = (
				2DBF8113150BAAAD0096A597 /* en */,
			);
			name = VHViewController.xib;
			sourceTree = "<group>";
		};
/* End PBXVariantGroup section */

/* Begin XCBuildConfiguration section */
		2DBF8115150BAAAD0096A597 /* Debug */ = {
			isa = XCBuildConfiguration;
			buildSettings = {
				ALWAYS_SEARCH_USER_PATHS = NO;
				ARCHS = "$(ARCHS_STANDARD_32_BIT)";
				CLANG_ENABLE_OBJC_ARC = YES;
				"CODE_SIGN_IDENTITY[sdk=iphoneos*]" = "iPhone Developer";
				COPY_PHASE_STRIP = NO;
				GCC_C_LANGUAGE_STANDARD = gnu99;
				GCC_DYNAMIC_NO_PIC = NO;
				GCC_OPTIMIZATION_LEVEL = 0;
				GCC_PREPROCESSOR_DEFINITIONS = (
					"DEBUG=1",
					"$(inherited)",
				);
				GCC_SYMBOLS_PRIVATE_EXTERN = NO;
				GCC_VERSION = com.apple.compilers.llvm.clang.1_0;
				GCC_WARN_ABOUT_MISSING_PROTOTYPES = YES;
				GCC_WARN_ABOUT_RETURN_TYPE = YES;
				GCC_WARN_UNUSED_VARIABLE = YES;
				IPHONEOS_DEPLOYMENT_TARGET = 5.0;
				SDKROOT = iphoneos;
			};
			name = Debug;
		};
		2DBF8116150BAAAD0096A597 /* Release */ = {
			isa = XCBuildConfiguration;
			buildSettings = {
				ALWAYS_SEARCH_USER_PATHS = NO;
				ARCHS = "$(ARCHS_STANDARD_32_BIT)";
				CLANG_ENABLE_OBJC_ARC = YES;
				"CODE_SIGN_IDENTITY[sdk=iphoneos*]" = "iPhone Developer";
				COPY_PHASE_STRIP = YES;
				GCC_C_LANGUAGE_STANDARD = gnu99;
				GCC_VERSION = com.apple.compilers.llvm.clang.1_0;
				GCC_WARN_ABOUT_MISSING_PROTOTYPES = YES;
				GCC_WARN_ABOUT_RETURN_TYPE = YES;
				GCC_WARN_UNUSED_VARIABLE = YES;
				IPHONEOS_DEPLOYMENT_TARGET = 5.0;
				OTHER_CFLAGS = "-DNS_BLOCK_ASSERTIONS=1";
				SDKROOT = iphoneos;
				VALIDATE_PRODUCT = YES;
			};
			name = Release;
		};
		2DBF8118150BAAAD0096A597 /* Debug */ = {
			isa = XCBuildConfiguration;
			buildSettings = {
				GCC_PRECOMPILE_PREFIX_HEADER = YES;
				GCC_PREFIX_HEADER = "SampleVariableHeightTableViewCell/SampleVariableHeightTableViewCell-Prefix.pch";
				INFOPLIST_FILE = "SampleVariableHeightTableViewCell/SampleVariableHeightTableViewCell-Info.plist";
				PRODUCT_NAME = "$(TARGET_NAME)";
				WRAPPER_EXTENSION = app;
			};
			name = Debug;
		};
		2DBF8119150BAAAD0096A597 /* Release */ = {
			isa = XCBuildConfiguration;
			buildSettings = {
				GCC_PRECOMPILE_PREFIX_HEADER = YES;
				GCC_PREFIX_HEADER = "SampleVariableHeightTableViewCell/SampleVariableHeightTableViewCell-Prefix.pch";
				INFOPLIST_FILE = "SampleVariableHeightTableViewCell/SampleVariableHeightTableViewCell-Info.plist";
				PRODUCT_NAME = "$(TARGET_NAME)";
				WRAPPER_EXTENSION = app;
			};
			name = Release;
		};
/* End XCBuildConfiguration section */

/* Begin XCConfigurationList section */
		2DBF80F3150BAAAD0096A597 /* Build configuration list for PBXProject "SampleVariableHeightTableViewCell" */ = {
			isa = XCConfigurationList;
			buildConfigurations = (
				2DBF8115150BAAAD0096A597 /* Debug */,
				2DBF8116150BAAAD0096A597 /* Release */,
			);
			defaultConfigurationIsVisible = 0;
			defaultConfigurationName = Release;
		};
		2DBF8117150BAAAD0096A597 /* Build configuration list for PBXNativeTarget "SampleVariableHeightTableViewCell" */ = {
			isa = XCConfigurationList;
			buildConfigurations = (
				2DBF8118150BAAAD0096A597 /* Debug */,
				2DBF8119150BAAAD0096A597 /* Release */,
			);
			defaultConfigurationIsVisible = 0;
			defaultConfigurationName = Release;
		};
/* End XCConfigurationList section */
	};
	rootObject = 2DBF80F0150BAAAD0096A597 /* Project object */;
}
